// !$*UTF8*$!
{
	archiveVersion = 1;
	classes = {
	};
	objectVersion = 46;
	objects = {

/* Begin PBXBuildFile section */
		665B482F1F81891300ED54BF /* GoogleMobileAds.framework in Frameworks */ = {isa = PBXBuildFile; fileRef = 665B482E1F81891300ED54BF /* GoogleMobileAds.framework */; };
		665B48311F81896000ED54BF /* AdSupport.framework in Frameworks */ = {isa = PBXBuildFile; fileRef = 665B48301F81896000ED54BF /* AdSupport.framework */; };
		665B48331F81896700ED54BF /* AudioToolbox.framework in Frameworks */ = {isa = PBXBuildFile; fileRef = 665B48321F81896700ED54BF /* AudioToolbox.framework */; };
		665B48351F81896D00ED54BF /* AVFoundation.framework in Frameworks */ = {isa = PBXBuildFile; fileRef = 665B48341F81896D00ED54BF /* AVFoundation.framework */; };
		665B48371F81897600ED54BF /* CoreGraphics.framework in Frameworks */ = {isa = PBXBuildFile; fileRef = 665B48361F81897600ED54BF /* CoreGraphics.framework */; };
		665B48391F81898100ED54BF /* CoreTelephony.framework in Frameworks */ = {isa = PBXBuildFile; fileRef = 665B48381F81898100ED54BF /* CoreTelephony.framework */; };
		665B483B1F81898800ED54BF /* EventKit.framework in Frameworks */ = {isa = PBXBuildFile; fileRef = 665B483A1F81898800ED54BF /* EventKit.framework */; };
		665B483D1F81899100ED54BF /* EventKitUI.framework in Frameworks */ = {isa = PBXBuildFile; fileRef = 665B483C1F81899100ED54BF /* EventKitUI.framework */; };
		665B483F1F81899B00ED54BF /* MessageUI.framework in Frameworks */ = {isa = PBXBuildFile; fileRef = 665B483E1F81899B00ED54BF /* MessageUI.framework */; };
		665B48411F8189A200ED54BF /* StoreKit.framework in Frameworks */ = {isa = PBXBuildFile; fileRef = 665B48401F8189A200ED54BF /* StoreKit.framework */; };
		665B48431F8189B700ED54BF /* SystemConfiguration.framework in Frameworks */ = {isa = PBXBuildFile; fileRef = 665B48421F8189B700ED54BF /* SystemConfiguration.framework */; };
		66C4C6971F89516C00A67C6D /* Assets.xcassets in Resources */ = {isa = PBXBuildFile; fileRef = 66FF1BE51F87549700A885F2 /* Assets.xcassets */; };
		66EA30271F78564F00284C45 /* AppDelegate.swift in Sources */ = {isa = PBXBuildFile; fileRef = 66EA30261F78564F00284C45 /* AppDelegate.swift */; };
		66EA30291F78564F00284C45 /* ViewController.swift in Sources */ = {isa = PBXBuildFile; fileRef = 66EA30281F78564F00284C45 /* ViewController.swift */; };
		66EA302C1F78565000284C45 /* Main.storyboard in Resources */ = {isa = PBXBuildFile; fileRef = 66EA302A1F78565000284C45 /* Main.storyboard */; };
		66EA30311F78565000284C45 /* LaunchScreen.storyboard in Resources */ = {isa = PBXBuildFile; fileRef = 66EA302F1F78565000284C45 /* LaunchScreen.storyboard */; };
		66EA303C1F78565000284C45 /* adam_calcTests.swift in Sources */ = {isa = PBXBuildFile; fileRef = 66EA303B1F78565000284C45 /* adam_calcTests.swift */; };
		66EA30471F78565000284C45 /* adam_calcUITests.swift in Sources */ = {isa = PBXBuildFile; fileRef = 66EA30461F78565000284C45 /* adam_calcUITests.swift */; };
/* End PBXBuildFile section */

/* Begin PBXContainerItemProxy section */
		66EA30381F78565000284C45 /* PBXContainerItemProxy */ = {
			isa = PBXContainerItemProxy;
			containerPortal = 66EA301B1F78564F00284C45 /* Project object */;
			proxyType = 1;
			remoteGlobalIDString = 66EA30221F78564F00284C45;
			remoteInfo = "adam-calc";
		};
		66EA30431F78565000284C45 /* PBXContainerItemProxy */ = {
			isa = PBXContainerItemProxy;
			containerPortal = 66EA301B1F78564F00284C45 /* Project object */;
			proxyType = 1;
			remoteGlobalIDString = 66EA30221F78564F00284C45;
			remoteInfo = "adam-calc";
		};
/* End PBXContainerItemProxy section */

/* Begin PBXFileReference section */
		665B482E1F81891300ED54BF /* GoogleMobileAds.framework */ = {isa = PBXFileReference; lastKnownFileType = wrapper.framework; name = GoogleMobileAds.framework; path = SDKs/GoogleMobileAds.framework; sourceTree = "<group>"; };
		665B48301F81896000ED54BF /* AdSupport.framework */ = {isa = PBXFileReference; lastKnownFileType = wrapper.framework; name = AdSupport.framework; path = System/Library/Frameworks/AdSupport.framework; sourceTree = SDKROOT; };
		665B48321F81896700ED54BF /* AudioToolbox.framework */ = {isa = PBXFileReference; lastKnownFileType = wrapper.framework; name = AudioToolbox.framework; path = System/Library/Frameworks/AudioToolbox.framework; sourceTree = SDKROOT; };
		665B48341F81896D00ED54BF /* AVFoundation.framework */ = {isa = PBXFileReference; lastKnownFileType = wrapper.framework; name = AVFoundation.framework; path = System/Library/Frameworks/AVFoundation.framework; sourceTree = SDKROOT; };
		665B48361F81897600ED54BF /* CoreGraphics.framework */ = {isa = PBXFileReference; lastKnownFileType = wrapper.framework; name = CoreGraphics.framework; path = System/Library/Frameworks/CoreGraphics.framework; sourceTree = SDKROOT; };
		665B48381F81898100ED54BF /* CoreTelephony.framework */ = {isa = PBXFileReference; lastKnownFileType = wrapper.framework; name = CoreTelephony.framework; path = System/Library/Frameworks/CoreTelephony.framework; sourceTree = SDKROOT; };
		665B483A1F81898800ED54BF /* EventKit.framework */ = {isa = PBXFileReference; lastKnownFileType = wrapper.framework; name = EventKit.framework; path = System/Library/Frameworks/EventKit.framework; sourceTree = SDKROOT; };
		665B483C1F81899100ED54BF /* EventKitUI.framework */ = {isa = PBXFileReference; lastKnownFileType = wrapper.framework; name = EventKitUI.framework; path = System/Library/Frameworks/EventKitUI.framework; sourceTree = SDKROOT; };
		665B483E1F81899B00ED54BF /* MessageUI.framework */ = {isa = PBXFileReference; lastKnownFileType = wrapper.framework; name = MessageUI.framework; path = System/Library/Frameworks/MessageUI.framework; sourceTree = SDKROOT; };
		665B48401F8189A200ED54BF /* StoreKit.framework */ = {isa = PBXFileReference; lastKnownFileType = wrapper.framework; name = StoreKit.framework; path = System/Library/Frameworks/StoreKit.framework; sourceTree = SDKROOT; };
		665B48421F8189B700ED54BF /* SystemConfiguration.framework */ = {isa = PBXFileReference; lastKnownFileType = wrapper.framework; name = SystemConfiguration.framework; path = System/Library/Frameworks/SystemConfiguration.framework; sourceTree = SDKROOT; };
		66EA30231F78564F00284C45 /* adam-calc.app */ = {isa = PBXFileReference; explicitFileType = wrapper.application; includeInIndex = 0; path = "adam-calc.app"; sourceTree = BUILT_PRODUCTS_DIR; };
		66EA30261F78564F00284C45 /* AppDelegate.swift */ = {isa = PBXFileReference; lastKnownFileType = sourcecode.swift; path = AppDelegate.swift; sourceTree = "<group>"; };
		66EA30281F78564F00284C45 /* ViewController.swift */ = {isa = PBXFileReference; lastKnownFileType = sourcecode.swift; path = ViewController.swift; sourceTree = "<group>"; };
		66EA302B1F78565000284C45 /* Base */ = {isa = PBXFileReference; lastKnownFileType = file.storyboard; name = Base; path = Base.lproj/Main.storyboard; sourceTree = "<group>"; };
		66EA30301F78565000284C45 /* Base */ = {isa = PBXFileReference; lastKnownFileType = file.storyboard; name = Base; path = Base.lproj/LaunchScreen.storyboard; sourceTree = "<group>"; };
		66EA30321F78565000284C45 /* Info.plist */ = {isa = PBXFileReference; lastKnownFileType = text.plist.xml; path = Info.plist; sourceTree = "<group>"; };
		66EA30371F78565000284C45 /* adam-calcTests.xctest */ = {isa = PBXFileReference; explicitFileType = wrapper.cfbundle; includeInIndex = 0; path = "adam-calcTests.xctest"; sourceTree = BUILT_PRODUCTS_DIR; };
		66EA303B1F78565000284C45 /* adam_calcTests.swift */ = {isa = PBXFileReference; lastKnownFileType = sourcecode.swift; path = adam_calcTests.swift; sourceTree = "<group>"; };
		66EA303D1F78565000284C45 /* Info.plist */ = {isa = PBXFileReference; lastKnownFileType = text.plist.xml; path = Info.plist; sourceTree = "<group>"; };
		66EA30421F78565000284C45 /* adam-calcUITests.xctest */ = {isa = PBXFileReference; explicitFileType = wrapper.cfbundle; includeInIndex = 0; path = "adam-calcUITests.xctest"; sourceTree = BUILT_PRODUCTS_DIR; };
		66EA30461F78565000284C45 /* adam_calcUITests.swift */ = {isa = PBXFileReference; lastKnownFileType = sourcecode.swift; path = adam_calcUITests.swift; sourceTree = "<group>"; };
		66EA30481F78565000284C45 /* Info.plist */ = {isa = PBXFileReference; lastKnownFileType = text.plist.xml; path = Info.plist; sourceTree = "<group>"; };
		66FF1BE51F87549700A885F2 /* Assets.xcassets */ = {isa = PBXFileReference; lastKnownFileType = folder.assetcatalog; name = Assets.xcassets; path = ../Assets.xcassets; sourceTree = "<group>"; };
/* End PBXFileReference section */

/* Begin PBXFrameworksBuildPhase section */
		66EA30201F78564F00284C45 /* Frameworks */ = {
			isa = PBXFrameworksBuildPhase;
			buildActionMask = 2147483647;
			files = (
				665B48431F8189B700ED54BF /* SystemConfiguration.framework in Frameworks */,
				665B48411F8189A200ED54BF /* StoreKit.framework in Frameworks */,
				665B483F1F81899B00ED54BF /* MessageUI.framework in Frameworks */,
				665B483D1F81899100ED54BF /* EventKitUI.framework in Frameworks */,
				665B483B1F81898800ED54BF /* EventKit.framework in Frameworks */,
				665B48391F81898100ED54BF /* CoreTelephony.framework in Frameworks */,
				665B48371F81897600ED54BF /* CoreGraphics.framework in Frameworks */,
				665B48351F81896D00ED54BF /* AVFoundation.framework in Frameworks */,
				665B48331F81896700ED54BF /* AudioToolbox.framework in Frameworks */,
				665B48311F81896000ED54BF /* AdSupport.framework in Frameworks */,
				665B482F1F81891300ED54BF /* GoogleMobileAds.framework in Frameworks */,
			);
			runOnlyForDeploymentPostprocessing = 0;
		};
		66EA30341F78565000284C45 /* Frameworks */ = {
			isa = PBXFrameworksBuildPhase;
			buildActionMask = 2147483647;
			files = (
			);
			runOnlyForDeploymentPostprocessing = 0;
		};
		66EA303F1F78565000284C45 /* Frameworks */ = {
			isa = PBXFrameworksBuildPhase;
			buildActionMask = 2147483647;
			files = (
			);
			runOnlyForDeploymentPostprocessing = 0;
		};
/* End PBXFrameworksBuildPhase section */

/* Begin PBXGroup section */
		665B482D1F81891200ED54BF /* Frameworks */ = {
			isa = PBXGroup;
			children = (
				665B48421F8189B700ED54BF /* SystemConfiguration.framework */,
				665B48401F8189A200ED54BF /* StoreKit.framework */,
				665B483E1F81899B00ED54BF /* MessageUI.framework */,
				665B483C1F81899100ED54BF /* EventKitUI.framework */,
				665B483A1F81898800ED54BF /* EventKit.framework */,
				665B48381F81898100ED54BF /* CoreTelephony.framework */,
				665B48361F81897600ED54BF /* CoreGraphics.framework */,
				665B48341F81896D00ED54BF /* AVFoundation.framework */,
				665B48321F81896700ED54BF /* AudioToolbox.framework */,
				665B48301F81896000ED54BF /* AdSupport.framework */,
				665B482E1F81891300ED54BF /* GoogleMobileAds.framework */,
			);
			name = Frameworks;
			sourceTree = "<group>";
		};
		66EA301A1F78564F00284C45 = {
			isa = PBXGroup;
			children = (
				66EA30251F78564F00284C45 /* adam-calc */,
				66EA303A1F78565000284C45 /* adam-calcTests */,
				66EA30451F78565000284C45 /* adam-calcUITests */,
				66EA30241F78564F00284C45 /* Products */,
				665B482D1F81891200ED54BF /* Frameworks */,
			);
			sourceTree = "<group>";
		};
		66EA30241F78564F00284C45 /* Products */ = {
			isa = PBXGroup;
			children = (
				66EA30231F78564F00284C45 /* adam-calc.app */,
				66EA30371F78565000284C45 /* adam-calcTests.xctest */,
				66EA30421F78565000284C45 /* adam-calcUITests.xctest */,
			);
			name = Products;
			sourceTree = "<group>";
		};
		66EA30251F78564F00284C45 /* adam-calc */ = {
			isa = PBXGroup;
			children = (
				66EA30261F78564F00284C45 /* AppDelegate.swift */,
				66EA30281F78564F00284C45 /* ViewController.swift */,
				66EA302A1F78565000284C45 /* Main.storyboard */,
				66FF1BE51F87549700A885F2 /* Assets.xcassets */,
				66EA302F1F78565000284C45 /* LaunchScreen.storyboard */,
				66EA30321F78565000284C45 /* Info.plist */,
			);
			path = "adam-calc";
			sourceTree = "<group>";
		};
		66EA303A1F78565000284C45 /* adam-calcTests */ = {
			isa = PBXGroup;
			children = (
				66EA303B1F78565000284C45 /* adam_calcTests.swift */,
				66EA303D1F78565000284C45 /* Info.plist */,
			);
			path = "adam-calcTests";
			sourceTree = "<group>";
		};
		66EA30451F78565000284C45 /* adam-calcUITests */ = {
			isa = PBXGroup;
			children = (
				66EA30461F78565000284C45 /* adam_calcUITests.swift */,
				66EA30481F78565000284C45 /* Info.plist */,
			);
			path = "adam-calcUITests";
			sourceTree = "<group>";
		};
/* End PBXGroup section */

/* Begin PBXNativeTarget section */
		66EA30221F78564F00284C45 /* adam-calc */ = {
			isa = PBXNativeTarget;
			buildConfigurationList = 66EA304B1F78565000284C45 /* Build configuration list for PBXNativeTarget "adam-calc" */;
			buildPhases = (
				66EA301F1F78564F00284C45 /* Sources */,
				66EA30201F78564F00284C45 /* Frameworks */,
				66EA30211F78564F00284C45 /* Resources */,
			);
			buildRules = (
			);
			dependencies = (
			);
			name = "adam-calc";
			productName = "adam-calc";
			productReference = 66EA30231F78564F00284C45 /* adam-calc.app */;
			productType = "com.apple.product-type.application";
		};
		66EA30361F78565000284C45 /* adam-calcTests */ = {
			isa = PBXNativeTarget;
			buildConfigurationList = 66EA304E1F78565000284C45 /* Build configuration list for PBXNativeTarget "adam-calcTests" */;
			buildPhases = (
				66EA30331F78565000284C45 /* Sources */,
				66EA30341F78565000284C45 /* Frameworks */,
				66EA30351F78565000284C45 /* Resources */,
			);
			buildRules = (
			);
			dependencies = (
				66EA30391F78565000284C45 /* PBXTargetDependency */,
			);
			name = "adam-calcTests";
			productName = "adam-calcTests";
			productReference = 66EA30371F78565000284C45 /* adam-calcTests.xctest */;
			productType = "com.apple.product-type.bundle.unit-test";
		};
		66EA30411F78565000284C45 /* adam-calcUITests */ = {
			isa = PBXNativeTarget;
			buildConfigurationList = 66EA30511F78565000284C45 /* Build configuration list for PBXNativeTarget "adam-calcUITests" */;
			buildPhases = (
				66EA303E1F78565000284C45 /* Sources */,
				66EA303F1F78565000284C45 /* Frameworks */,
				66EA30401F78565000284C45 /* Resources */,
			);
			buildRules = (
			);
			dependencies = (
				66EA30441F78565000284C45 /* PBXTargetDependency */,
			);
			name = "adam-calcUITests";
			productName = "adam-calcUITests";
			productReference = 66EA30421F78565000284C45 /* adam-calcUITests.xctest */;
			productType = "com.apple.product-type.bundle.ui-testing";
		};
/* End PBXNativeTarget section */

/* Begin PBXProject section */
		66EA301B1F78564F00284C45 /* Project object */ = {
			isa = PBXProject;
			attributes = {
				LastSwiftUpdateCheck = 0830;
				LastUpgradeCheck = 0900;
				ORGANIZATIONNAME = rdConcepts;
				TargetAttributes = {
					66EA30221F78564F00284C45 = {
						CreatedOnToolsVersion = 8.3.3;
						DevelopmentTeam = 6SFM579B5E;
						ProvisioningStyle = Automatic;
					};
					66EA30361F78565000284C45 = {
						CreatedOnToolsVersion = 8.3.3;
						DevelopmentTeam = M8R2LVVQ3Q;
						ProvisioningStyle = Automatic;
						TestTargetID = 66EA30221F78564F00284C45;
					};
					66EA30411F78565000284C45 = {
						CreatedOnToolsVersion = 8.3.3;
						DevelopmentTeam = M8R2LVVQ3Q;
						ProvisioningStyle = Automatic;
						TestTargetID = 66EA30221F78564F00284C45;
					};
				};
			};
			buildConfigurationList = 66EA301E1F78564F00284C45 /* Build configuration list for PBXProject "adam-calc" */;
			compatibilityVersion = "Xcode 3.2";
			developmentRegion = English;
			hasScannedForEncodings = 0;
			knownRegions = (
				en,
				Base,
			);
			mainGroup = 66EA301A1F78564F00284C45;
			productRefGroup = 66EA30241F78564F00284C45 /* Products */;
			projectDirPath = "";
			projectRoot = "";
			targets = (
				66EA30221F78564F00284C45 /* adam-calc */,
				66EA30361F78565000284C45 /* adam-calcTests */,
				66EA30411F78565000284C45 /* adam-calcUITests */,
			);
		};
/* End PBXProject section */

/* Begin PBXResourcesBuildPhase section */
		66EA30211F78564F00284C45 /* Resources */ = {
			isa = PBXResourcesBuildPhase;
			buildActionMask = 2147483647;
			files = (
				66EA30311F78565000284C45 /* LaunchScreen.storyboard in Resources */,
				66C4C6971F89516C00A67C6D /* Assets.xcassets in Resources */,
				66EA302C1F78565000284C45 /* Main.storyboard in Resources */,
			);
			runOnlyForDeploymentPostprocessing = 0;
		};
		66EA30351F78565000284C45 /* Resources */ = {
			isa = PBXResourcesBuildPhase;
			buildActionMask = 2147483647;
			files = (
			);
			runOnlyForDeploymentPostprocessing = 0;
		};
		66EA30401F78565000284C45 /* Resources */ = {
			isa = PBXResourcesBuildPhase;
			buildActionMask = 2147483647;
			files = (
			);
			runOnlyForDeploymentPostprocessing = 0;
		};
/* End PBXResourcesBuildPhase section */

/* Begin PBXSourcesBuildPhase section */
		66EA301F1F78564F00284C45 /* Sources */ = {
			isa = PBXSourcesBuildPhase;
			buildActionMask = 2147483647;
			files = (
				66EA30291F78564F00284C45 /* ViewController.swift in Sources */,
				66EA30271F78564F00284C45 /* AppDelegate.swift in Sources */,
			);
			runOnlyForDeploymentPostprocessing = 0;
		};
		66EA30331F78565000284C45 /* Sources */ = {
			isa = PBXSourcesBuildPhase;
			buildActionMask = 2147483647;
			files = (
				66EA303C1F78565000284C45 /* adam_calcTests.swift in Sources */,
			);
			runOnlyForDeploymentPostprocessing = 0;
		};
		66EA303E1F78565000284C45 /* Sources */ = {
			isa = PBXSourcesBuildPhase;
			buildActionMask = 2147483647;
			files = (
				66EA30471F78565000284C45 /* adam_calcUITests.swift in Sources */,
			);
			runOnlyForDeploymentPostprocessing = 0;
		};
/* End PBXSourcesBuildPhase section */

/* Begin PBXTargetDependency section */
		66EA30391F78565000284C45 /* PBXTargetDependency */ = {
			isa = PBXTargetDependency;
			target = 66EA30221F78564F00284C45 /* adam-calc */;
			targetProxy = 66EA30381F78565000284C45 /* PBXContainerItemProxy */;
		};
		66EA30441F78565000284C45 /* PBXTargetDependency */ = {
			isa = PBXTargetDependency;
			target = 66EA30221F78564F00284C45 /* adam-calc */;
			targetProxy = 66EA30431F78565000284C45 /* PBXContainerItemProxy */;
		};
/* End PBXTargetDependency section */

/* Begin PBXVariantGroup section */
		66EA302A1F78565000284C45 /* Main.storyboard */ = {
			isa = PBXVariantGroup;
			children = (
				66EA302B1F78565000284C45 /* Base */,
			);
			name = Main.storyboard;
			sourceTree = "<group>";
		};
		66EA302F1F78565000284C45 /* LaunchScreen.storyboard */ = {
			isa = PBXVariantGroup;
			children = (
				66EA30301F78565000284C45 /* Base */,
			);
			name = LaunchScreen.storyboard;
			sourceTree = "<group>";
		};
/* End PBXVariantGroup section */

/* Begin XCBuildConfiguration section */
		66EA30491F78565000284C45 /* Debug */ = {
			isa = XCBuildConfiguration;
			buildSettings = {
				ALWAYS_SEARCH_USER_PATHS = NO;
				CLANG_ANALYZER_NONNULL = YES;
				CLANG_ANALYZER_NUMBER_OBJECT_CONVERSION = YES_AGGRESSIVE;
				CLANG_CXX_LANGUAGE_STANDARD = "gnu++0x";
				CLANG_CXX_LIBRARY = "libc++";
				CLANG_ENABLE_MODULES = YES;
				CLANG_ENABLE_OBJC_ARC = YES;
				CLANG_WARN_BLOCK_CAPTURE_AUTORELEASING = YES;
				CLANG_WARN_BOOL_CONVERSION = YES;
				CLANG_WARN_COMMA = YES;
				CLANG_WARN_CONSTANT_CONVERSION = YES;
				CLANG_WARN_DIRECT_OBJC_ISA_USAGE = YES_ERROR;
				CLANG_WARN_DOCUMENTATION_COMMENTS = YES;
				CLANG_WARN_EMPTY_BODY = YES;
				CLANG_WARN_ENUM_CONVERSION = YES;
				CLANG_WARN_INFINITE_RECURSION = YES;
				CLANG_WARN_INT_CONVERSION = YES;
				CLANG_WARN_NON_LITERAL_NULL_CONVERSION = YES;
				CLANG_WARN_OBJC_LITERAL_CONVERSION = YES;
				CLANG_WARN_OBJC_ROOT_CLASS = YES_ERROR;
				CLANG_WARN_RANGE_LOOP_ANALYSIS = YES;
				CLANG_WARN_STRICT_PROTOTYPES = YES;
				CLANG_WARN_SUSPICIOUS_MOVE = YES;
				CLANG_WARN_UNREACHABLE_CODE = YES;
				CLANG_WARN__DUPLICATE_METHOD_MATCH = YES;
				"CODE_SIGN_IDENTITY[sdk=iphoneos*]" = "iPhone Developer";
				COPY_PHASE_STRIP = NO;
				DEBUG_INFORMATION_FORMAT = dwarf;
				ENABLE_STRICT_OBJC_MSGSEND = YES;
				ENABLE_TESTABILITY = YES;
				GCC_C_LANGUAGE_STANDARD = gnu99;
				GCC_DYNAMIC_NO_PIC = NO;
				GCC_NO_COMMON_BLOCKS = YES;
				GCC_OPTIMIZATION_LEVEL = 0;
				GCC_PREPROCESSOR_DEFINITIONS = (
					"DEBUG=1",
					"$(inherited)",
				);
				GCC_WARN_64_TO_32_BIT_CONVERSION = YES;
				GCC_WARN_ABOUT_RETURN_TYPE = YES_ERROR;
				GCC_WARN_UNDECLARED_SELECTOR = YES;
				GCC_WARN_UNINITIALIZED_AUTOS = YES_AGGRESSIVE;
				GCC_WARN_UNUSED_FUNCTION = YES;
				GCC_WARN_UNUSED_VARIABLE = YES;
				IPHONEOS_DEPLOYMENT_TARGET = 10.3;
				MTL_ENABLE_DEBUG_INFO = YES;
				ONLY_ACTIVE_ARCH = YES;
				SDKROOT = iphoneos;
				SWIFT_ACTIVE_COMPILATION_CONDITIONS = DEBUG;
				SWIFT_OPTIMIZATION_LEVEL = "-Onone";
			};
			name = Debug;
		};
		66EA304A1F78565000284C45 /* Release */ = {
			isa = XCBuildConfiguration;
			buildSettings = {
				ALWAYS_SEARCH_USER_PATHS = NO;
				CLANG_ANALYZER_NONNULL = YES;
				CLANG_ANALYZER_NUMBER_OBJECT_CONVERSION = YES_AGGRESSIVE;
				CLANG_CXX_LANGUAGE_STANDARD = "gnu++0x";
				CLANG_CXX_LIBRARY = "libc++";
				CLANG_ENABLE_MODULES = YES;
				CLANG_ENABLE_OBJC_ARC = YES;
				CLANG_WARN_BLOCK_CAPTURE_AUTORELEASING = YES;
				CLANG_WARN_BOOL_CONVERSION = YES;
				CLANG_WARN_COMMA = YES;
				CLANG_WARN_CONSTANT_CONVERSION = YES;
				CLANG_WARN_DIRECT_OBJC_ISA_USAGE = YES_ERROR;
				CLANG_WARN_DOCUMENTATION_COMMENTS = YES;
				CLANG_WARN_EMPTY_BODY = YES;
				CLANG_WARN_ENUM_CONVERSION = YES;
				CLANG_WARN_INFINITE_RECURSION = YES;
				CLANG_WARN_INT_CONVERSION = YES;
				CLANG_WARN_NON_LITERAL_NULL_CONVERSION = YES;
				CLANG_WARN_OBJC_LITERAL_CONVERSION = YES;
				CLANG_WARN_OBJC_ROOT_CLASS = YES_ERROR;
				CLANG_WARN_RANGE_LOOP_ANALYSIS = YES;
				CLANG_WARN_STRICT_PROTOTYPES = YES;
				CLANG_WARN_SUSPICIOUS_MOVE = YES;
				CLANG_WARN_UNREACHABLE_CODE = YES;
				CLANG_WARN__DUPLICATE_METHOD_MATCH = YES;
				"CODE_SIGN_IDENTITY[sdk=iphoneos*]" = "iPhone Developer";
				COPY_PHASE_STRIP = NO;
				DEBUG_INFORMATION_FORMAT = "dwarf-with-dsym";
				ENABLE_NS_ASSERTIONS = NO;
				ENABLE_STRICT_OBJC_MSGSEND = YES;
				GCC_C_LANGUAGE_STANDARD = gnu99;
				GCC_NO_COMMON_BLOCKS = YES;
				GCC_WARN_64_TO_32_BIT_CONVERSION = YES;
				GCC_WARN_ABOUT_RETURN_TYPE = YES_ERROR;
				GCC_WARN_UNDECLARED_SELECTOR = YES;
				GCC_WARN_UNINITIALIZED_AUTOS = YES_AGGRESSIVE;
				GCC_WARN_UNUSED_FUNCTION = YES;
				GCC_WARN_UNUSED_VARIABLE = YES;
				IPHONEOS_DEPLOYMENT_TARGET = 10.3;
				MTL_ENABLE_DEBUG_INFO = NO;
				SDKROOT = iphoneos;
				SWIFT_OPTIMIZATION_LEVEL = "-Owholemodule";
				VALIDATE_PRODUCT = YES;
			};
			name = Release;
		};
		66EA304C1F78565000284C45 /* Debug */ = {
			isa = XCBuildConfiguration;
			buildSettings = {
				ASSETCATALOG_COMPILER_APPICON_NAME = AppIcon;
				DEVELOPMENT_TEAM = 6SFM579B5E;
				FRAMEWORK_SEARCH_PATHS = (
					"$(inherited)",
					"$(PROJECT_DIR)/SDKs",
				);
				INFOPLIST_FILE = "adam-calc/Info.plist";
				IPHONEOS_DEPLOYMENT_TARGET = 10.3;
				LD_RUNPATH_SEARCH_PATHS = "$(inherited) @executable_path/Frameworks";
				PRODUCT_BUNDLE_IDENTIFIER = design.rdconcepts.calc;
				PRODUCT_NAME = "$(TARGET_NAME)";
				SWIFT_VERSION = 3.0;
			};
			name = Debug;
		};
		66EA304D1F78565000284C45 /* Release */ = {
			isa = XCBuildConfiguration;
			buildSettings = {
				ASSETCATALOG_COMPILER_APPICON_NAME = AppIcon;
				DEVELOPMENT_TEAM = 6SFM579B5E;
				FRAMEWORK_SEARCH_PATHS = (
					"$(inherited)",
					"$(PROJECT_DIR)/SDKs",
				);
				INFOPLIST_FILE = "adam-calc/Info.plist";
				IPHONEOS_DEPLOYMENT_TARGET = 10.3;
				LD_RUNPATH_SEARCH_PATHS = "$(inherited) @executable_path/Frameworks";
				PRODUCT_BUNDLE_IDENTIFIER = design.rdconcepts.calc;
				PRODUCT_NAME = "$(TARGET_NAME)";
				SWIFT_VERSION = 3.0;
			};
			name = Release;
		};
		66EA304F1F78565000284C45 /* Debug */ = {
			isa = XCBuildConfiguration;
			buildSettings = {
				ALWAYS_EMBED_SWIFT_STANDARD_LIBRARIES = YES;
				BUNDLE_LOADER = "$(TEST_HOST)";
				DEVELOPMENT_TEAM = M8R2LVVQ3Q;
				INFOPLIST_FILE = "adam-calcTests/Info.plist";
				LD_RUNPATH_SEARCH_PATHS = "$(inherited) @executable_path/Frameworks @loader_path/Frameworks";
				PRODUCT_BUNDLE_IDENTIFIER = "design.rdconcepts.adam-calcTests";
				PRODUCT_NAME = "$(TARGET_NAME)";
				SWIFT_VERSION = 3.0;
				TEST_HOST = "$(BUILT_PRODUCTS_DIR)/adam-calc.app/adam-calc";
			};
			name = Debug;
		};
		66EA30501F78565000284C45 /* Release */ = {
			isa = XCBuildConfiguration;
			buildSettings = {
				ALWAYS_EMBED_SWIFT_STANDARD_LIBRARIES = YES;
				BUNDLE_LOADER = "$(TEST_HOST)";
				DEVELOPMENT_TEAM = M8R2LVVQ3Q;
				INFOPLIST_FILE = "adam-calcTests/Info.plist";
				LD_RUNPATH_SEARCH_PATHS = "$(inherited) @executable_path/Frameworks @loader_path/Frameworks";
				PRODUCT_BUNDLE_IDENTIFIER = "design.rdconcepts.adam-calcTests";
				PRODUCT_NAME = "$(TARGET_NAME)";
				SWIFT_VERSION = 3.0;
				TEST_HOST = "$(BUILT_PRODUCTS_DIR)/adam-calc.app/adam-calc";
			};
			name = Release;
		};
		66EA30521F78565000284C45 /* Debug */ = {
			isa = XCBuildConfiguration;
			buildSettings = {
				ALWAYS_EMBED_SWIFT_STANDARD_LIBRARIES = YES;
				DEVELOPMENT_TEAM = M8R2LVVQ3Q;
				INFOPLIST_FILE = "adam-calcUITests/Info.plist";
				LD_RUNPATH_SEARCH_PATHS = "$(inherited) @executable_path/Frameworks @loader_path/Frameworks";
				PRODUCT_BUNDLE_IDENTIFIER = "design.rdconcepts.adam-calcUITests";
				PRODUCT_NAME = "$(TARGET_NAME)";
				SWIFT_VERSION = 3.0;
				TEST_TARGET_NAME = "adam-calc";
			};
			name = Debug;
		};
		66EA30531F78565000284C45 /* Release */ = {
			isa = XCBuildConfiguration;
			buildSettings = {
				ALWAYS_EMBED_SWIFT_STANDARD_LIBRARIES = YES;
				DEVELOPMENT_TEAM = M8R2LVVQ3Q;
				INFOPLIST_FILE = "adam-calcUITests/Info.plist";
				LD_RUNPATH_SEARCH_PATHS = "$(inherited) @executable_path/Frameworks @loader_path/Frameworks";
				PRODUCT_BUNDLE_IDENTIFIER = "design.rdconcepts.adam-calcUITests";
				PRODUCT_NAME = "$(TARGET_NAME)";
				SWIFT_VERSION = 3.0;
				TEST_TARGET_NAME = "adam-calc";
			};
			name = Release;
		};
/* End XCBuildConfiguration section */

/* Begin XCConfigurationList section */
		66EA301E1F78564F00284C45 /* Build configuration list for PBXProject "adam-calc" */ = {
			isa = XCConfigurationList;
			buildConfigurations = (
				66EA30491F78565000284C45 /* Debug */,
				66EA304A1F78565000284C45 /* Release */,
			);
			defaultConfigurationIsVisible = 0;
			defaultConfigurationName = Release;
		};
		66EA304B1F78565000284C45 /* Build configuration list for PBXNativeTarget "adam-calc" */ = {
			isa = XCConfigurationList;
			buildConfigurations = (
				66EA304C1F78565000284C45 /* Debug */,
				66EA304D1F78565000284C45 /* Release */,
			);
			defaultConfigurationIsVisible = 0;
			defaultConfigurationName = Release;
		};
		66EA304E1F78565000284C45 /* Build configuration list for PBXNativeTarget "adam-calcTests" */ = {
			isa = XCConfigurationList;
			buildConfigurations = (
				66EA304F1F78565000284C45 /* Debug */,
				66EA30501F78565000284C45 /* Release */,
			);
			defaultConfigurationIsVisible = 0;
			defaultConfigurationName = Release;
		};
		66EA30511F78565000284C45 /* Build configuration list for PBXNativeTarget "adam-calcUITests" */ = {
			isa = XCConfigurationList;
			buildConfigurations = (
				66EA30521F78565000284C45 /* Debug */,
				66EA30531F78565000284C45 /* Release */,
			);
			defaultConfigurationIsVisible = 0;
			defaultConfigurationName = Release;
		};
/* End XCConfigurationList section */
	};
	rootObject = 66EA301B1F78564F00284C45 /* Project object */;
}
